// !$*UTF8*$!
{
	archiveVersion = 1;
	classes = {
	};
	objectVersion = 55;
	objects = {

/* Begin PBXBuildFile section */
		4D19457827F36B860066C4F4 /* Troll.mp3 in Resources */ = {isa = PBXBuildFile; fileRef = 4D19457127F36B860066C4F4 /* Troll.mp3 */; };
		4D19457927F36B860066C4F4 /* Laugh.mp3 in Resources */ = {isa = PBXBuildFile; fileRef = 4D19457227F36B860066C4F4 /* Laugh.mp3 */; };
		4D19457A27F36B860066C4F4 /* Train.mp3 in Resources */ = {isa = PBXBuildFile; fileRef = 4D19457327F36B860066C4F4 /* Train.mp3 */; };
		4D19457B27F36B860066C4F4 /* Noice.mp3 in Resources */ = {isa = PBXBuildFile; fileRef = 4D19457427F36B860066C4F4 /* Noice.mp3 */; };
		4D19457C27F36B860066C4F4 /* China.mp3 in Resources */ = {isa = PBXBuildFile; fileRef = 4D19457527F36B860066C4F4 /* China.mp3 */; };
		4D19457D27F36B860066C4F4 /* BabyCrying.mp3 in Resources */ = {isa = PBXBuildFile; fileRef = 4D19457627F36B860066C4F4 /* BabyCrying.mp3 */; };
		4D19457E27F36B860066C4F4 /* Whistle.mp3 in Resources */ = {isa = PBXBuildFile; fileRef = 4D19457727F36B860066C4F4 /* Whistle.mp3 */; };
		4D1AFE9027E89F78008B0B4A /* SoundboardController.swift in Sources */ = {isa = PBXBuildFile; fileRef = 4D1AFE8F27E89F78008B0B4A /* SoundboardController.swift */; };
		4D1C3F43273D403D00D08C7D /* MPG WatchKit App.app in Embed Watch Content */ = {isa = PBXBuildFile; fileRef = 4D1C3F42273D403D00D08C7D /* MPG WatchKit App.app */; settings = {ATTRIBUTES = (RemoveHeadersOnCopy, ); }; };
		4D1C3F49273D403D00D08C7D /* Interface.storyboard in Resources */ = {isa = PBXBuildFile; fileRef = 4D1C3F47273D403D00D08C7D /* Interface.storyboard */; };
		4D1C3F4B273D403F00D08C7D /* Assets.xcassets in Resources */ = {isa = PBXBuildFile; fileRef = 4D1C3F4A273D403F00D08C7D /* Assets.xcassets */; };
		4D1C3F51273D403F00D08C7D /* MPG WatchKit Extension.appex in Embed App Extensions */ = {isa = PBXBuildFile; fileRef = 4D1C3F50273D403F00D08C7D /* MPG WatchKit Extension.appex */; settings = {ATTRIBUTES = (RemoveHeadersOnCopy, ); }; };
		4D1C3F56273D403F00D08C7D /* InterfaceController.swift in Sources */ = {isa = PBXBuildFile; fileRef = 4D1C3F55273D403F00D08C7D /* InterfaceController.swift */; };
		4D1C3F58273D403F00D08C7D /* ExtensionDelegate.swift in Sources */ = {isa = PBXBuildFile; fileRef = 4D1C3F57273D403F00D08C7D /* ExtensionDelegate.swift */; };
		4D1C3F5A273D403F00D08C7D /* NotificationController.swift in Sources */ = {isa = PBXBuildFile; fileRef = 4D1C3F59273D403F00D08C7D /* NotificationController.swift */; };
		4D1C3F5C273D403F00D08C7D /* ComplicationController.swift in Sources */ = {isa = PBXBuildFile; fileRef = 4D1C3F5B273D403F00D08C7D /* ComplicationController.swift */; };
		4D1C3F5E273D404100D08C7D /* Assets.xcassets in Resources */ = {isa = PBXBuildFile; fileRef = 4D1C3F5D273D404100D08C7D /* Assets.xcassets */; };
		4D1C3F6A273D404100D08C7D /* MPGTests.swift in Sources */ = {isa = PBXBuildFile; fileRef = 4D1C3F69273D404100D08C7D /* MPGTests.swift */; };
		4D1C3F74273D404100D08C7D /* MPGUITests.swift in Sources */ = {isa = PBXBuildFile; fileRef = 4D1C3F73273D404100D08C7D /* MPGUITests.swift */; };
		4D1C3F76273D404100D08C7D /* MPGUITestsLaunchTests.swift in Sources */ = {isa = PBXBuildFile; fileRef = 4D1C3F75273D404100D08C7D /* MPGUITestsLaunchTests.swift */; };
		4D33FD4D27430CBE00736512 /* PortraitController.swift in Sources */ = {isa = PBXBuildFile; fileRef = 4D33FD4C27430CBE00736512 /* PortraitController.swift */; };
		4D6AA3B127D6336D0079A2AD /* GeneratorController.swift in Sources */ = {isa = PBXBuildFile; fileRef = 4D6AA3B027D6336D0079A2AD /* GeneratorController.swift */; };
		4D6AA3B327D6401D0079A2AD /* tips.txt in Resources */ = {isa = PBXBuildFile; fileRef = 4D6AA3B227D6401D0079A2AD /* tips.txt */; };
		4D82658527FDB761000E40BD /* SoundPlaying.swift in Sources */ = {isa = PBXBuildFile; fileRef = 4D82658427FDB761000E40BD /* SoundPlaying.swift */; };
		4D82658827FDBB28000E40BD /* AVFoundation.framework in Frameworks */ = {isa = PBXBuildFile; fileRef = 4D82658727FDBB28000E40BD /* AVFoundation.framework */; };
		4D8B1838280C7C40001179C5 /* morningcontent.txt in Resources */ = {isa = PBXBuildFile; fileRef = 4D8B1837280C7C40001179C5 /* morningcontent.txt */; };
		4D8B183A280C7D2B001179C5 /* nightcontent.txt in Resources */ = {isa = PBXBuildFile; fileRef = 4D8B1839280C7D2B001179C5 /* nightcontent.txt */; };
		4DD668B627FF25E400136A96 /* LandscapeController.swift in Sources */ = {isa = PBXBuildFile; fileRef = 4DD668B527FF25E400136A96 /* LandscapeController.swift */; };
		4DD668B827FF2B1800136A96 /* test.MOV in Resources */ = {isa = PBXBuildFile; fileRef = 4DD668B727FF2B1700136A96 /* test.MOV */; };
		4DD668BC2801C55D00136A96 /* StreetController.swift in Sources */ = {isa = PBXBuildFile; fileRef = 4DD668BB2801C55D00136A96 /* StreetController.swift */; };
		4DD668BE2801C5FC00136A96 /* NatureController.swift in Sources */ = {isa = PBXBuildFile; fileRef = 4DD668BD2801C5FC00136A96 /* NatureController.swift */; };
/* End PBXBuildFile section */

/* Begin PBXContainerItemProxy section */
		4D1C3F44273D403D00D08C7D /* PBXContainerItemProxy */ = {
			isa = PBXContainerItemProxy;
			containerPortal = 4D1C3F38273D403D00D08C7D /* Project object */;
			proxyType = 1;
			remoteGlobalIDString = 4D1C3F41273D403D00D08C7D;
			remoteInfo = "MPG WatchKit App";
		};
		4D1C3F52273D403F00D08C7D /* PBXContainerItemProxy */ = {
			isa = PBXContainerItemProxy;
			containerPortal = 4D1C3F38273D403D00D08C7D /* Project object */;
			proxyType = 1;
			remoteGlobalIDString = 4D1C3F4F273D403F00D08C7D;
			remoteInfo = "MPG WatchKit Extension";
		};
		4D1C3F66273D404100D08C7D /* PBXContainerItemProxy */ = {
			isa = PBXContainerItemProxy;
			containerPortal = 4D1C3F38273D403D00D08C7D /* Project object */;
			proxyType = 1;
			remoteGlobalIDString = 4D1C3F4F273D403F00D08C7D;
			remoteInfo = "MPG WatchKit Extension";
		};
		4D1C3F70273D404100D08C7D /* PBXContainerItemProxy */ = {
			isa = PBXContainerItemProxy;
			containerPortal = 4D1C3F38273D403D00D08C7D /* Project object */;
			proxyType = 1;
			remoteGlobalIDString = 4D1C3F41273D403D00D08C7D;
			remoteInfo = "MPG WatchKit App";
		};
/* End PBXContainerItemProxy section */

/* Begin PBXCopyFilesBuildPhase section */
		4D1C3F7C273D404100D08C7D /* Embed App Extensions */ = {
			isa = PBXCopyFilesBuildPhase;
			buildActionMask = 2147483647;
			dstPath = "";
			dstSubfolderSpec = 13;
			files = (
				4D1C3F51273D403F00D08C7D /* MPG WatchKit Extension.appex in Embed App Extensions */,
			);
			name = "Embed App Extensions";
			runOnlyForDeploymentPostprocessing = 0;
		};
		4D1C3F80273D404100D08C7D /* Embed Watch Content */ = {
			isa = PBXCopyFilesBuildPhase;
			buildActionMask = 2147483647;
			dstPath = "$(CONTENTS_FOLDER_PATH)/Watch";
			dstSubfolderSpec = 16;
			files = (
				4D1C3F43273D403D00D08C7D /* MPG WatchKit App.app in Embed Watch Content */,
			);
			name = "Embed Watch Content";
			runOnlyForDeploymentPostprocessing = 0;
		};
/* End PBXCopyFilesBuildPhase section */

/* Begin PBXFileReference section */
		4D19457127F36B860066C4F4 /* Troll.mp3 */ = {isa = PBXFileReference; lastKnownFileType = audio.mp3; path = Troll.mp3; sourceTree = "<group>"; };
		4D19457227F36B860066C4F4 /* Laugh.mp3 */ = {isa = PBXFileReference; lastKnownFileType = audio.mp3; path = Laugh.mp3; sourceTree = "<group>"; };
		4D19457327F36B860066C4F4 /* Train.mp3 */ = {isa = PBXFileReference; lastKnownFileType = audio.mp3; path = Train.mp3; sourceTree = "<group>"; };
		4D19457427F36B860066C4F4 /* Noice.mp3 */ = {isa = PBXFileReference; lastKnownFileType = audio.mp3; path = Noice.mp3; sourceTree = "<group>"; };
		4D19457527F36B860066C4F4 /* China.mp3 */ = {isa = PBXFileReference; lastKnownFileType = audio.mp3; path = China.mp3; sourceTree = "<group>"; };
		4D19457627F36B860066C4F4 /* BabyCrying.mp3 */ = {isa = PBXFileReference; lastKnownFileType = audio.mp3; path = BabyCrying.mp3; sourceTree = "<group>"; };
		4D19457727F36B860066C4F4 /* Whistle.mp3 */ = {isa = PBXFileReference; lastKnownFileType = audio.mp3; path = Whistle.mp3; sourceTree = "<group>"; };
		4D1AFE8F27E89F78008B0B4A /* SoundboardController.swift */ = {isa = PBXFileReference; lastKnownFileType = sourcecode.swift; path = SoundboardController.swift; sourceTree = "<group>"; };
		4D1C3F3E273D403D00D08C7D /* MPG.app */ = {isa = PBXFileReference; explicitFileType = wrapper.application; includeInIndex = 0; path = MPG.app; sourceTree = BUILT_PRODUCTS_DIR; };
		4D1C3F42273D403D00D08C7D /* MPG WatchKit App.app */ = {isa = PBXFileReference; explicitFileType = wrapper.application; includeInIndex = 0; path = "MPG WatchKit App.app"; sourceTree = BUILT_PRODUCTS_DIR; };
		4D1C3F48273D403D00D08C7D /* Base */ = {isa = PBXFileReference; lastKnownFileType = file.storyboard; name = Base; path = Base.lproj/Interface.storyboard; sourceTree = "<group>"; };
		4D1C3F4A273D403F00D08C7D /* Assets.xcassets */ = {isa = PBXFileReference; lastKnownFileType = folder.assetcatalog; path = Assets.xcassets; sourceTree = "<group>"; };
		4D1C3F50273D403F00D08C7D /* MPG WatchKit Extension.appex */ = {isa = PBXFileReference; explicitFileType = "wrapper.app-extension"; includeInIndex = 0; path = "MPG WatchKit Extension.appex"; sourceTree = BUILT_PRODUCTS_DIR; };
		4D1C3F55273D403F00D08C7D /* InterfaceController.swift */ = {isa = PBXFileReference; lastKnownFileType = sourcecode.swift; path = InterfaceController.swift; sourceTree = "<group>"; };
		4D1C3F57273D403F00D08C7D /* ExtensionDelegate.swift */ = {isa = PBXFileReference; lastKnownFileType = sourcecode.swift; path = ExtensionDelegate.swift; sourceTree = "<group>"; };
		4D1C3F59273D403F00D08C7D /* NotificationController.swift */ = {isa = PBXFileReference; lastKnownFileType = sourcecode.swift; path = NotificationController.swift; sourceTree = "<group>"; };
		4D1C3F5B273D403F00D08C7D /* ComplicationController.swift */ = {isa = PBXFileReference; lastKnownFileType = sourcecode.swift; path = ComplicationController.swift; sourceTree = "<group>"; };
		4D1C3F5D273D404100D08C7D /* Assets.xcassets */ = {isa = PBXFileReference; lastKnownFileType = folder.assetcatalog; path = Assets.xcassets; sourceTree = "<group>"; };
		4D1C3F5F273D404100D08C7D /* Info.plist */ = {isa = PBXFileReference; lastKnownFileType = text.plist.xml; path = Info.plist; sourceTree = "<group>"; };
		4D1C3F60273D404100D08C7D /* PushNotificationPayload.apns */ = {isa = PBXFileReference; lastKnownFileType = text; path = PushNotificationPayload.apns; sourceTree = "<group>"; };
		4D1C3F65273D404100D08C7D /* MPGTests.xctest */ = {isa = PBXFileReference; explicitFileType = wrapper.cfbundle; includeInIndex = 0; path = MPGTests.xctest; sourceTree = BUILT_PRODUCTS_DIR; };
		4D1C3F69273D404100D08C7D /* MPGTests.swift */ = {isa = PBXFileReference; lastKnownFileType = sourcecode.swift; path = MPGTests.swift; sourceTree = "<group>"; };
		4D1C3F6F273D404100D08C7D /* MPGUITests.xctest */ = {isa = PBXFileReference; explicitFileType = wrapper.cfbundle; includeInIndex = 0; path = MPGUITests.xctest; sourceTree = BUILT_PRODUCTS_DIR; };
		4D1C3F73273D404100D08C7D /* MPGUITests.swift */ = {isa = PBXFileReference; lastKnownFileType = sourcecode.swift; path = MPGUITests.swift; sourceTree = "<group>"; };
		4D1C3F75273D404100D08C7D /* MPGUITestsLaunchTests.swift */ = {isa = PBXFileReference; lastKnownFileType = sourcecode.swift; path = MPGUITestsLaunchTests.swift; sourceTree = "<group>"; };
		4D33FD4C27430CBE00736512 /* PortraitController.swift */ = {isa = PBXFileReference; lastKnownFileType = sourcecode.swift; path = PortraitController.swift; sourceTree = "<group>"; };
		4D6AA3B027D6336D0079A2AD /* GeneratorController.swift */ = {isa = PBXFileReference; lastKnownFileType = sourcecode.swift; path = GeneratorController.swift; sourceTree = "<group>"; };
		4D6AA3B227D6401D0079A2AD /* tips.txt */ = {isa = PBXFileReference; fileEncoding = 4; lastKnownFileType = text; path = tips.txt; sourceTree = SOURCE_ROOT; };
		4D82658427FDB761000E40BD /* SoundPlaying.swift */ = {isa = PBXFileReference; lastKnownFileType = sourcecode.swift; path = SoundPlaying.swift; sourceTree = "<group>"; };
		4D82658727FDBB28000E40BD /* AVFoundation.framework */ = {isa = PBXFileReference; lastKnownFileType = wrapper.framework; name = AVFoundation.framework; path = Platforms/WatchOS.platform/Developer/SDKs/WatchOS8.0.sdk/System/Library/Frameworks/AVFoundation.framework; sourceTree = DEVELOPER_DIR; };
		4D8B1837280C7C40001179C5 /* morningcontent.txt */ = {isa = PBXFileReference; fileEncoding = 4; lastKnownFileType = text; path = morningcontent.txt; sourceTree = SOURCE_ROOT; };
		4D8B1839280C7D2B001179C5 /* nightcontent.txt */ = {isa = PBXFileReference; fileEncoding = 4; lastKnownFileType = text; path = nightcontent.txt; sourceTree = SOURCE_ROOT; };
		4DD668B527FF25E400136A96 /* LandscapeController.swift */ = {isa = PBXFileReference; lastKnownFileType = sourcecode.swift; path = LandscapeController.swift; sourceTree = "<group>"; };
		4DD668B727FF2B1700136A96 /* test.MOV */ = {isa = PBXFileReference; lastKnownFileType = video.quicktime; path = test.MOV; sourceTree = "<group>"; };
		4DD668BB2801C55D00136A96 /* StreetController.swift */ = {isa = PBXFileReference; lastKnownFileType = sourcecode.swift; path = StreetController.swift; sourceTree = "<group>"; };
		4DD668BD2801C5FC00136A96 /* NatureController.swift */ = {isa = PBXFileReference; lastKnownFileType = sourcecode.swift; path = NatureController.swift; sourceTree = "<group>"; };
/* End PBXFileReference section */

/* Begin PBXFrameworksBuildPhase section */
		4D1C3F4D273D403F00D08C7D /* Frameworks */ = {
			isa = PBXFrameworksBuildPhase;
			buildActionMask = 2147483647;
			files = (
				4D82658827FDBB28000E40BD /* AVFoundation.framework in Frameworks */,
			);
			runOnlyForDeploymentPostprocessing = 0;
		};
		4D1C3F62273D404100D08C7D /* Frameworks */ = {
			isa = PBXFrameworksBuildPhase;
			buildActionMask = 2147483647;
			files = (
			);
			runOnlyForDeploymentPostprocessing = 0;
		};
		4D1C3F6C273D404100D08C7D /* Frameworks */ = {
			isa = PBXFrameworksBuildPhase;
			buildActionMask = 2147483647;
			files = (
			);
			runOnlyForDeploymentPostprocessing = 0;
		};
/* End PBXFrameworksBuildPhase section */

/* Begin PBXGroup section */
		4D19457027F36B860066C4F4 /* Soundboard */ = {
			isa = PBXGroup;
			children = (
				4D19457427F36B860066C4F4 /* Noice.mp3 */,
				4D19457327F36B860066C4F4 /* Train.mp3 */,
				4D19457127F36B860066C4F4 /* Troll.mp3 */,
				4D19457227F36B860066C4F4 /* Laugh.mp3 */,
				4D19457527F36B860066C4F4 /* China.mp3 */,
				4D19457627F36B860066C4F4 /* BabyCrying.mp3 */,
				4D19457727F36B860066C4F4 /* Whistle.mp3 */,
			);
			path = Soundboard;
			sourceTree = SOURCE_ROOT;
		};
		4D1C3F37273D403D00D08C7D = {
			isa = PBXGroup;
			children = (
				4D1C3F46273D403D00D08C7D /* MPG WatchKit App */,
				4D1C3F54273D403F00D08C7D /* MPG WatchKit Extension */,
				4D1C3F68273D404100D08C7D /* MPGTests */,
				4D1C3F72273D404100D08C7D /* MPGUITests */,
				4D1C3F3F273D403D00D08C7D /* Products */,
				4D82658627FDBB28000E40BD /* Frameworks */,
			);
			sourceTree = "<group>";
		};
		4D1C3F3F273D403D00D08C7D /* Products */ = {
			isa = PBXGroup;
			children = (
				4D1C3F3E273D403D00D08C7D /* MPG.app */,
				4D1C3F42273D403D00D08C7D /* MPG WatchKit App.app */,
				4D1C3F50273D403F00D08C7D /* MPG WatchKit Extension.appex */,
				4D1C3F65273D404100D08C7D /* MPGTests.xctest */,
				4D1C3F6F273D404100D08C7D /* MPGUITests.xctest */,
			);
			name = Products;
			sourceTree = "<group>";
		};
		4D1C3F46273D403D00D08C7D /* MPG WatchKit App */ = {
			isa = PBXGroup;
			children = (
				4D1C3F47273D403D00D08C7D /* Interface.storyboard */,
				4D1C3F4A273D403F00D08C7D /* Assets.xcassets */,
			);
			path = "MPG WatchKit App";
			sourceTree = "<group>";
		};
		4D1C3F54273D403F00D08C7D /* MPG WatchKit Extension */ = {
			isa = PBXGroup;
			children = (
				4DD668B727FF2B1700136A96 /* test.MOV */,
				4D19457027F36B860066C4F4 /* Soundboard */,
				4D1C3F55273D403F00D08C7D /* InterfaceController.swift */,
				4D33FD4C27430CBE00736512 /* PortraitController.swift */,
				4DD668B527FF25E400136A96 /* LandscapeController.swift */,
				4DD668BB2801C55D00136A96 /* StreetController.swift */,
				4DD668BD2801C5FC00136A96 /* NatureController.swift */,
				4D6AA3B027D6336D0079A2AD /* GeneratorController.swift */,
				4D1AFE8F27E89F78008B0B4A /* SoundboardController.swift */,
				4D1C3F59273D403F00D08C7D /* NotificationController.swift */,
				4D82658427FDB761000E40BD /* SoundPlaying.swift */,
				4D1C3F5B273D403F00D08C7D /* ComplicationController.swift */,
				4D1C3F57273D403F00D08C7D /* ExtensionDelegate.swift */,
				4D1C3F5D273D404100D08C7D /* Assets.xcassets */,
				4D1C3F5F273D404100D08C7D /* Info.plist */,
				4D1C3F60273D404100D08C7D /* PushNotificationPayload.apns */,
				4D6AA3B227D6401D0079A2AD /* tips.txt */,
				4D8B1837280C7C40001179C5 /* morningcontent.txt */,
				4D8B1839280C7D2B001179C5 /* nightcontent.txt */,
			);
			path = "MPG WatchKit Extension";
			sourceTree = "<group>";
		};
		4D1C3F68273D404100D08C7D /* MPGTests */ = {
			isa = PBXGroup;
			children = (
				4D1C3F69273D404100D08C7D /* MPGTests.swift */,
			);
			path = MPGTests;
			sourceTree = "<group>";
		};
		4D1C3F72273D404100D08C7D /* MPGUITests */ = {
			isa = PBXGroup;
			children = (
				4D1C3F73273D404100D08C7D /* MPGUITests.swift */,
				4D1C3F75273D404100D08C7D /* MPGUITestsLaunchTests.swift */,
			);
			path = MPGUITests;
			sourceTree = "<group>";
		};
		4D82658627FDBB28000E40BD /* Frameworks */ = {
			isa = PBXGroup;
			children = (
				4D82658727FDBB28000E40BD /* AVFoundation.framework */,
			);
			name = Frameworks;
			sourceTree = "<group>";
		};
/* End PBXGroup section */

/* Begin PBXNativeTarget section */
		4D1C3F3D273D403D00D08C7D /* MPG */ = {
			isa = PBXNativeTarget;
			buildConfigurationList = 4D1C3F81273D404100D08C7D /* Build configuration list for PBXNativeTarget "MPG" */;
			buildPhases = (
				4D1C3F3C273D403D00D08C7D /* Resources */,
				4D1C3F80273D404100D08C7D /* Embed Watch Content */,
			);
			buildRules = (
			);
			dependencies = (
				4D1C3F45273D403D00D08C7D /* PBXTargetDependency */,
			);
			name = MPG;
			productName = MPG;
			productReference = 4D1C3F3E273D403D00D08C7D /* MPG.app */;
			productType = "com.apple.product-type.application.watchapp2-container";
		};
		4D1C3F41273D403D00D08C7D /* MPG WatchKit App */ = {
			isa = PBXNativeTarget;
			buildConfigurationList = 4D1C3F7D273D404100D08C7D /* Build configuration list for PBXNativeTarget "MPG WatchKit App" */;
			buildPhases = (
				4D1C3F40273D403D00D08C7D /* Resources */,
				4D1C3F7C273D404100D08C7D /* Embed App Extensions */,
			);
			buildRules = (
			);
			dependencies = (
				4D1C3F53273D403F00D08C7D /* PBXTargetDependency */,
			);
			name = "MPG WatchKit App";
			productName = "MPG WatchKit App";
			productReference = 4D1C3F42273D403D00D08C7D /* MPG WatchKit App.app */;
			productType = "com.apple.product-type.application.watchapp2";
		};
		4D1C3F4F273D403F00D08C7D /* MPG WatchKit Extension */ = {
			isa = PBXNativeTarget;
			buildConfigurationList = 4D1C3F79273D404100D08C7D /* Build configuration list for PBXNativeTarget "MPG WatchKit Extension" */;
			buildPhases = (
				4D1C3F4C273D403F00D08C7D /* Sources */,
				4D1C3F4D273D403F00D08C7D /* Frameworks */,
				4D1C3F4E273D403F00D08C7D /* Resources */,
			);
			buildRules = (
			);
			dependencies = (
			);
			name = "MPG WatchKit Extension";
			productName = "MPG WatchKit Extension";
			productReference = 4D1C3F50273D403F00D08C7D /* MPG WatchKit Extension.appex */;
			productType = "com.apple.product-type.watchkit2-extension";
		};
		4D1C3F64273D404100D08C7D /* MPGTests */ = {
			isa = PBXNativeTarget;
			buildConfigurationList = 4D1C3F84273D404100D08C7D /* Build configuration list for PBXNativeTarget "MPGTests" */;
			buildPhases = (
				4D1C3F61273D404100D08C7D /* Sources */,
				4D1C3F62273D404100D08C7D /* Frameworks */,
				4D1C3F63273D404100D08C7D /* Resources */,
			);
			buildRules = (
			);
			dependencies = (
				4D1C3F67273D404100D08C7D /* PBXTargetDependency */,
			);
			name = MPGTests;
			productName = MPGTests;
			productReference = 4D1C3F65273D404100D08C7D /* MPGTests.xctest */;
			productType = "com.apple.product-type.bundle.unit-test";
		};
		4D1C3F6E273D404100D08C7D /* MPGUITests */ = {
			isa = PBXNativeTarget;
			buildConfigurationList = 4D1C3F87273D404100D08C7D /* Build configuration list for PBXNativeTarget "MPGUITests" */;
			buildPhases = (
				4D1C3F6B273D404100D08C7D /* Sources */,
				4D1C3F6C273D404100D08C7D /* Frameworks */,
				4D1C3F6D273D404100D08C7D /* Resources */,
			);
			buildRules = (
			);
			dependencies = (
				4D1C3F71273D404100D08C7D /* PBXTargetDependency */,
			);
			name = MPGUITests;
			productName = MPGUITests;
			productReference = 4D1C3F6F273D404100D08C7D /* MPGUITests.xctest */;
			productType = "com.apple.product-type.bundle.ui-testing";
		};
/* End PBXNativeTarget section */

/* Begin PBXProject section */
		4D1C3F38273D403D00D08C7D /* Project object */ = {
			isa = PBXProject;
			attributes = {
				BuildIndependentTargetsInParallel = 1;
				LastSwiftUpdateCheck = 1310;
				LastUpgradeCheck = 1310;
				TargetAttributes = {
					4D1C3F3D273D403D00D08C7D = {
						CreatedOnToolsVersion = 13.1;
					};
					4D1C3F41273D403D00D08C7D = {
						CreatedOnToolsVersion = 13.1;
					};
					4D1C3F4F273D403F00D08C7D = {
						CreatedOnToolsVersion = 13.1;
					};
					4D1C3F64273D404100D08C7D = {
						CreatedOnToolsVersion = 13.1;
						TestTargetID = 4D1C3F4F273D403F00D08C7D;
					};
					4D1C3F6E273D404100D08C7D = {
						CreatedOnToolsVersion = 13.1;
						TestTargetID = 4D1C3F41273D403D00D08C7D;
					};
				};
			};
			buildConfigurationList = 4D1C3F3B273D403D00D08C7D /* Build configuration list for PBXProject "MPG" */;
			compatibilityVersion = "Xcode 13.0";
			developmentRegion = en;
			hasScannedForEncodings = 0;
			knownRegions = (
				en,
				Base,
			);
			mainGroup = 4D1C3F37273D403D00D08C7D;
			productRefGroup = 4D1C3F3F273D403D00D08C7D /* Products */;
			projectDirPath = "";
			projectRoot = "";
			targets = (
				4D1C3F3D273D403D00D08C7D /* MPG */,
				4D1C3F41273D403D00D08C7D /* MPG WatchKit App */,
				4D1C3F4F273D403F00D08C7D /* MPG WatchKit Extension */,
				4D1C3F64273D404100D08C7D /* MPGTests */,
				4D1C3F6E273D404100D08C7D /* MPGUITests */,
			);
		};
/* End PBXProject section */

/* Begin PBXResourcesBuildPhase section */
		4D1C3F3C273D403D00D08C7D /* Resources */ = {
			isa = PBXResourcesBuildPhase;
			buildActionMask = 2147483647;
			files = (
			);
			runOnlyForDeploymentPostprocessing = 0;
		};
		4D1C3F40273D403D00D08C7D /* Resources */ = {
			isa = PBXResourcesBuildPhase;
			buildActionMask = 2147483647;
			files = (
				4D1C3F4B273D403F00D08C7D /* Assets.xcassets in Resources */,
				4D1C3F49273D403D00D08C7D /* Interface.storyboard in Resources */,
			);
			runOnlyForDeploymentPostprocessing = 0;
		};
		4D1C3F4E273D403F00D08C7D /* Resources */ = {
			isa = PBXResourcesBuildPhase;
			buildActionMask = 2147483647;
			files = (
				4D19457C27F36B860066C4F4 /* China.mp3 in Resources */,
				4D19457927F36B860066C4F4 /* Laugh.mp3 in Resources */,
				4D19457B27F36B860066C4F4 /* Noice.mp3 in Resources */,
				4D19457827F36B860066C4F4 /* Troll.mp3 in Resources */,
				4D6AA3B327D6401D0079A2AD /* tips.txt in Resources */,
				4D19457E27F36B860066C4F4 /* Whistle.mp3 in Resources */,
				4D19457A27F36B860066C4F4 /* Train.mp3 in Resources */,
				4D19457D27F36B860066C4F4 /* BabyCrying.mp3 in Resources */,
				4DD668B827FF2B1800136A96 /* test.MOV in Resources */,
				4D1C3F5E273D404100D08C7D /* Assets.xcassets in Resources */,
				4D8B1838280C7C40001179C5 /* morningcontent.txt in Resources */,
				4D8B183A280C7D2B001179C5 /* nightcontent.txt in Resources */,
			);
			runOnlyForDeploymentPostprocessing = 0;
		};
		4D1C3F63273D404100D08C7D /* Resources */ = {
			isa = PBXResourcesBuildPhase;
			buildActionMask = 2147483647;
			files = (
			);
			runOnlyForDeploymentPostprocessing = 0;
		};
		4D1C3F6D273D404100D08C7D /* Resources */ = {
			isa = PBXResourcesBuildPhase;
			buildActionMask = 2147483647;
			files = (
			);
			runOnlyForDeploymentPostprocessing = 0;
		};
/* End PBXResourcesBuildPhase section */

/* Begin PBXSourcesBuildPhase section */
		4D1C3F4C273D403F00D08C7D /* Sources */ = {
			isa = PBXSourcesBuildPhase;
			buildActionMask = 2147483647;
			files = (
				4D1C3F5A273D403F00D08C7D /* NotificationController.swift in Sources */,
				4DD668B627FF25E400136A96 /* LandscapeController.swift in Sources */,
				4D1AFE9027E89F78008B0B4A /* SoundboardController.swift in Sources */,
				4DD668BE2801C5FC00136A96 /* NatureController.swift in Sources */,
				4D1C3F5C273D403F00D08C7D /* ComplicationController.swift in Sources */,
				4DD668BC2801C55D00136A96 /* StreetController.swift in Sources */,
				4D1C3F58273D403F00D08C7D /* ExtensionDelegate.swift in Sources */,
				4D33FD4D27430CBE00736512 /* PortraitController.swift in Sources */,
				4D82658527FDB761000E40BD /* SoundPlaying.swift in Sources */,
				4D1C3F56273D403F00D08C7D /* InterfaceController.swift in Sources */,
				4D6AA3B127D6336D0079A2AD /* GeneratorController.swift in Sources */,
			);
			runOnlyForDeploymentPostprocessing = 0;
		};
		4D1C3F61273D404100D08C7D /* Sources */ = {
			isa = PBXSourcesBuildPhase;
			buildActionMask = 2147483647;
			files = (
				4D1C3F6A273D404100D08C7D /* MPGTests.swift in Sources */,
			);
			runOnlyForDeploymentPostprocessing = 0;
		};
		4D1C3F6B273D404100D08C7D /* Sources */ = {
			isa = PBXSourcesBuildPhase;
			buildActionMask = 2147483647;
			files = (
				4D1C3F74273D404100D08C7D /* MPGUITests.swift in Sources */,
				4D1C3F76273D404100D08C7D /* MPGUITestsLaunchTests.swift in Sources */,
			);
			runOnlyForDeploymentPostprocessing = 0;
		};
/* End PBXSourcesBuildPhase section */

/* Begin PBXTargetDependency section */
		4D1C3F45273D403D00D08C7D /* PBXTargetDependency */ = {
			isa = PBXTargetDependency;
			target = 4D1C3F41273D403D00D08C7D /* MPG WatchKit App */;
			targetProxy = 4D1C3F44273D403D00D08C7D /* PBXContainerItemProxy */;
		};
		4D1C3F53273D403F00D08C7D /* PBXTargetDependency */ = {
			isa = PBXTargetDependency;
			target = 4D1C3F4F273D403F00D08C7D /* MPG WatchKit Extension */;
			targetProxy = 4D1C3F52273D403F00D08C7D /* PBXContainerItemProxy */;
		};
		4D1C3F67273D404100D08C7D /* PBXTargetDependency */ = {
			isa = PBXTargetDependency;
			target = 4D1C3F4F273D403F00D08C7D /* MPG WatchKit Extension */;
			targetProxy = 4D1C3F66273D404100D08C7D /* PBXContainerItemProxy */;
		};
		4D1C3F71273D404100D08C7D /* PBXTargetDependency */ = {
			isa = PBXTargetDependency;
			target = 4D1C3F41273D403D00D08C7D /* MPG WatchKit App */;
			targetProxy = 4D1C3F70273D404100D08C7D /* PBXContainerItemProxy */;
		};
/* End PBXTargetDependency section */

/* Begin PBXVariantGroup section */
		4D1C3F47273D403D00D08C7D /* Interface.storyboard */ = {
			isa = PBXVariantGroup;
			children = (
				4D1C3F48273D403D00D08C7D /* Base */,
			);
			name = Interface.storyboard;
			sourceTree = "<group>";
		};
/* End PBXVariantGroup section */

/* Begin XCBuildConfiguration section */
		4D1C3F77273D404100D08C7D /* Debug */ = {
			isa = XCBuildConfiguration;
			buildSettings = {
				ALWAYS_SEARCH_USER_PATHS = NO;
				CLANG_ANALYZER_NONNULL = YES;
				CLANG_ANALYZER_NUMBER_OBJECT_CONVERSION = YES_AGGRESSIVE;
				CLANG_CXX_LANGUAGE_STANDARD = "gnu++17";
				CLANG_CXX_LIBRARY = "libc++";
				CLANG_ENABLE_MODULES = YES;
				CLANG_ENABLE_OBJC_ARC = YES;
				CLANG_ENABLE_OBJC_WEAK = YES;
				CLANG_WARN_BLOCK_CAPTURE_AUTORELEASING = YES;
				CLANG_WARN_BOOL_CONVERSION = YES;
				CLANG_WARN_COMMA = YES;
				CLANG_WARN_CONSTANT_CONVERSION = YES;
				CLANG_WARN_DEPRECATED_OBJC_IMPLEMENTATIONS = YES;
				CLANG_WARN_DIRECT_OBJC_ISA_USAGE = YES_ERROR;
				CLANG_WARN_DOCUMENTATION_COMMENTS = YES;
				CLANG_WARN_EMPTY_BODY = YES;
				CLANG_WARN_ENUM_CONVERSION = YES;
				CLANG_WARN_INFINITE_RECURSION = YES;
				CLANG_WARN_INT_CONVERSION = YES;
				CLANG_WARN_NON_LITERAL_NULL_CONVERSION = YES;
				CLANG_WARN_OBJC_IMPLICIT_RETAIN_SELF = YES;
				CLANG_WARN_OBJC_LITERAL_CONVERSION = YES;
				CLANG_WARN_OBJC_ROOT_CLASS = YES_ERROR;
				CLANG_WARN_QUOTED_INCLUDE_IN_FRAMEWORK_HEADER = YES;
				CLANG_WARN_RANGE_LOOP_ANALYSIS = YES;
				CLANG_WARN_STRICT_PROTOTYPES = YES;
				CLANG_WARN_SUSPICIOUS_MOVE = YES;
				CLANG_WARN_UNGUARDED_AVAILABILITY = YES_AGGRESSIVE;
				CLANG_WARN_UNREACHABLE_CODE = YES;
				CLANG_WARN__DUPLICATE_METHOD_MATCH = YES;
				COPY_PHASE_STRIP = NO;
				DEBUG_INFORMATION_FORMAT = dwarf;
				ENABLE_STRICT_OBJC_MSGSEND = YES;
				ENABLE_TESTABILITY = YES;
				GCC_C_LANGUAGE_STANDARD = gnu11;
				GCC_DYNAMIC_NO_PIC = NO;
				GCC_NO_COMMON_BLOCKS = YES;
				GCC_OPTIMIZATION_LEVEL = 0;
				GCC_PREPROCESSOR_DEFINITIONS = (
					"DEBUG=1",
					"$(inherited)",
				);
				GCC_WARN_64_TO_32_BIT_CONVERSION = YES;
				GCC_WARN_ABOUT_RETURN_TYPE = YES_ERROR;
				GCC_WARN_UNDECLARED_SELECTOR = YES;
				GCC_WARN_UNINITIALIZED_AUTOS = YES_AGGRESSIVE;
				GCC_WARN_UNUSED_FUNCTION = YES;
				GCC_WARN_UNUSED_VARIABLE = YES;
				MTL_ENABLE_DEBUG_INFO = INCLUDE_SOURCE;
				MTL_FAST_MATH = YES;
				ONLY_ACTIVE_ARCH = YES;
				SDKROOT = iphoneos;
				SWIFT_ACTIVE_COMPILATION_CONDITIONS = DEBUG;
				SWIFT_OPTIMIZATION_LEVEL = "-Onone";
			};
			name = Debug;
		};
		4D1C3F78273D404100D08C7D /* Release */ = {
			isa = XCBuildConfiguration;
			buildSettings = {
				ALWAYS_SEARCH_USER_PATHS = NO;
				CLANG_ANALYZER_NONNULL = YES;
				CLANG_ANALYZER_NUMBER_OBJECT_CONVERSION = YES_AGGRESSIVE;
				CLANG_CXX_LANGUAGE_STANDARD = "gnu++17";
				CLANG_CXX_LIBRARY = "libc++";
				CLANG_ENABLE_MODULES = YES;
				CLANG_ENABLE_OBJC_ARC = YES;
				CLANG_ENABLE_OBJC_WEAK = YES;
				CLANG_WARN_BLOCK_CAPTURE_AUTORELEASING = YES;
				CLANG_WARN_BOOL_CONVERSION = YES;
				CLANG_WARN_COMMA = YES;
				CLANG_WARN_CONSTANT_CONVERSION = YES;
				CLANG_WARN_DEPRECATED_OBJC_IMPLEMENTATIONS = YES;
				CLANG_WARN_DIRECT_OBJC_ISA_USAGE = YES_ERROR;
				CLANG_WARN_DOCUMENTATION_COMMENTS = YES;
				CLANG_WARN_EMPTY_BODY = YES;
				CLANG_WARN_ENUM_CONVERSION = YES;
				CLANG_WARN_INFINITE_RECURSION = YES;
				CLANG_WARN_INT_CONVERSION = YES;
				CLANG_WARN_NON_LITERAL_NULL_CONVERSION = YES;
				CLANG_WARN_OBJC_IMPLICIT_RETAIN_SELF = YES;
				CLANG_WARN_OBJC_LITERAL_CONVERSION = YES;
				CLANG_WARN_OBJC_ROOT_CLASS = YES_ERROR;
				CLANG_WARN_QUOTED_INCLUDE_IN_FRAMEWORK_HEADER = YES;
				CLANG_WARN_RANGE_LOOP_ANALYSIS = YES;
				CLANG_WARN_STRICT_PROTOTYPES = YES;
				CLANG_WARN_SUSPICIOUS_MOVE = YES;
				CLANG_WARN_UNGUARDED_AVAILABILITY = YES_AGGRESSIVE;
				CLANG_WARN_UNREACHABLE_CODE = YES;
				CLANG_WARN__DUPLICATE_METHOD_MATCH = YES;
				COPY_PHASE_STRIP = NO;
				DEBUG_INFORMATION_FORMAT = "dwarf-with-dsym";
				ENABLE_NS_ASSERTIONS = NO;
				ENABLE_STRICT_OBJC_MSGSEND = YES;
				GCC_C_LANGUAGE_STANDARD = gnu11;
				GCC_NO_COMMON_BLOCKS = YES;
				GCC_WARN_64_TO_32_BIT_CONVERSION = YES;
				GCC_WARN_ABOUT_RETURN_TYPE = YES_ERROR;
				GCC_WARN_UNDECLARED_SELECTOR = YES;
				GCC_WARN_UNINITIALIZED_AUTOS = YES_AGGRESSIVE;
				GCC_WARN_UNUSED_FUNCTION = YES;
				GCC_WARN_UNUSED_VARIABLE = YES;
				MTL_ENABLE_DEBUG_INFO = NO;
				MTL_FAST_MATH = YES;
				SDKROOT = iphoneos;
				SWIFT_COMPILATION_MODE = wholemodule;
				SWIFT_OPTIMIZATION_LEVEL = "-O";
				VALIDATE_PRODUCT = YES;
			};
			name = Release;
		};
		4D1C3F7A273D404100D08C7D /* Debug */ = {
			isa = XCBuildConfiguration;
			buildSettings = {
				ASSETCATALOG_COMPILER_COMPLICATION_NAME = Complication;
				CODE_SIGN_STYLE = Automatic;
				CURRENT_PROJECT_VERSION = 1;
				GENERATE_INFOPLIST_FILE = YES;
				INFOPLIST_FILE = "MPG WatchKit Extension/Info.plist";
				INFOPLIST_KEY_CFBundleDisplayName = "MPG WatchKit Extension";
				INFOPLIST_KEY_CLKComplicationPrincipalClass = "$(PRODUCT_MODULE_NAME).ComplicationController";
				INFOPLIST_KEY_NSHumanReadableCopyright = "";
				INFOPLIST_KEY_WKExtensionDelegateClassName = "$(PRODUCT_MODULE_NAME).ExtensionDelegate";
				INFOPLIST_KEY_WKWatchOnly = YES;
				LD_RUNPATH_SEARCH_PATHS = (
					"$(inherited)",
					"@executable_path/Frameworks",
					"@executable_path/../../Frameworks",
				);
				MARKETING_VERSION = 1.0;
				PRODUCT_BUNDLE_IDENTIFIER = "Gergye-Patrik.MPG.watchkitapp.watchkitextension";
				PRODUCT_NAME = "${TARGET_NAME}";
				SDKROOT = watchos;
				SKIP_INSTALL = YES;
				SWIFT_EMIT_LOC_STRINGS = YES;
				SWIFT_VERSION = 5.0;
				TARGETED_DEVICE_FAMILY = 4;
				WATCHOS_DEPLOYMENT_TARGET = 8.0;
			};
			name = Debug;
		};
		4D1C3F7B273D404100D08C7D /* Release */ = {
			isa = XCBuildConfiguration;
			buildSettings = {
				ASSETCATALOG_COMPILER_COMPLICATION_NAME = Complication;
				CODE_SIGN_STYLE = Automatic;
				CURRENT_PROJECT_VERSION = 1;
				GENERATE_INFOPLIST_FILE = YES;
				INFOPLIST_FILE = "MPG WatchKit Extension/Info.plist";
				INFOPLIST_KEY_CFBundleDisplayName = "MPG WatchKit Extension";
				INFOPLIST_KEY_CLKComplicationPrincipalClass = "$(PRODUCT_MODULE_NAME).ComplicationController";
				INFOPLIST_KEY_NSHumanReadableCopyright = "";
				INFOPLIST_KEY_WKExtensionDelegateClassName = "$(PRODUCT_MODULE_NAME).ExtensionDelegate";
				INFOPLIST_KEY_WKWatchOnly = YES;
				LD_RUNPATH_SEARCH_PATHS = (
					"$(inherited)",
					"@executable_path/Frameworks",
					"@executable_path/../../Frameworks",
				);
				MARKETING_VERSION = 1.0;
				PRODUCT_BUNDLE_IDENTIFIER = "Gergye-Patrik.MPG.watchkitapp.watchkitextension";
				PRODUCT_NAME = "${TARGET_NAME}";
				SDKROOT = watchos;
				SKIP_INSTALL = YES;
				SWIFT_EMIT_LOC_STRINGS = YES;
				SWIFT_VERSION = 5.0;
				TARGETED_DEVICE_FAMILY = 4;
				WATCHOS_DEPLOYMENT_TARGET = 8.0;
			};
			name = Release;
		};
		4D1C3F7E273D404100D08C7D /* Debug */ = {
			isa = XCBuildConfiguration;
			buildSettings = {
				ALWAYS_EMBED_SWIFT_STANDARD_LIBRARIES = YES;
				ASSETCATALOG_COMPILER_APPICON_NAME = AppIcon;
				ASSETCATALOG_COMPILER_GLOBAL_ACCENT_COLOR_NAME = AccentColor;
				CODE_SIGN_STYLE = Automatic;
				CURRENT_PROJECT_VERSION = 1;
				GENERATE_INFOPLIST_FILE = YES;
				IBSC_MODULE = MPG_WatchKit_Extension;
				INFOPLIST_KEY_CFBundleDisplayName = "MPG WatchKit App";
				INFOPLIST_KEY_UISupportedInterfaceOrientations = "UIInterfaceOrientationPortrait UIInterfaceOrientationPortraitUpsideDown";
				MARKETING_VERSION = 1.0;
				PRODUCT_BUNDLE_IDENTIFIER = "Gergye-Patrik.MPG.watchkitapp";
				PRODUCT_NAME = "$(TARGET_NAME)";
				SDKROOT = watchos;
				SKIP_INSTALL = YES;
				SWIFT_EMIT_LOC_STRINGS = YES;
				SWIFT_VERSION = 5.0;
				TARGETED_DEVICE_FAMILY = 4;
				WATCHOS_DEPLOYMENT_TARGET = 8.0;
			};
			name = Debug;
		};
		4D1C3F7F273D404100D08C7D /* Release */ = {
			isa = XCBuildConfiguration;
			buildSettings = {
				ALWAYS_EMBED_SWIFT_STANDARD_LIBRARIES = YES;
				ASSETCATALOG_COMPILER_APPICON_NAME = AppIcon;
				ASSETCATALOG_COMPILER_GLOBAL_ACCENT_COLOR_NAME = AccentColor;
				CODE_SIGN_STYLE = Automatic;
				CURRENT_PROJECT_VERSION = 1;
				GENERATE_INFOPLIST_FILE = YES;
				IBSC_MODULE = MPG_WatchKit_Extension;
				INFOPLIST_KEY_CFBundleDisplayName = "MPG WatchKit App";
				INFOPLIST_KEY_UISupportedInterfaceOrientations = "UIInterfaceOrientationPortrait UIInterfaceOrientationPortraitUpsideDown";
				MARKETING_VERSION = 1.0;
				PRODUCT_BUNDLE_IDENTIFIER = "Gergye-Patrik.MPG.watchkitapp";
				PRODUCT_NAME = "$(TARGET_NAME)";
				SDKROOT = watchos;
				SKIP_INSTALL = YES;
				SWIFT_EMIT_LOC_STRINGS = YES;
				SWIFT_VERSION = 5.0;
				TARGETED_DEVICE_FAMILY = 4;
				WATCHOS_DEPLOYMENT_TARGET = 8.0;
			};
			name = Release;
		};
		4D1C3F82273D404100D08C7D /* Debug */ = {
			isa = XCBuildConfiguration;
			buildSettings = {
				CODE_SIGN_STYLE = Automatic;
				CURRENT_PROJECT_VERSION = 1;
				DEVELOPMENT_TEAM = 2QPATND49J;
				MARKETING_VERSION = 1.0;
				PRODUCT_BUNDLE_IDENTIFIER = "Gergye-Patrik.MPG";
				PRODUCT_NAME = "$(TARGET_NAME)";
				SWIFT_VERSION = 5.0;
			};
			name = Debug;
		};
		4D1C3F83273D404100D08C7D /* Release */ = {
			isa = XCBuildConfiguration;
			buildSettings = {
				CODE_SIGN_STYLE = Automatic;
				CURRENT_PROJECT_VERSION = 1;
				DEVELOPMENT_TEAM = 2QPATND49J;
				MARKETING_VERSION = 1.0;
				PRODUCT_BUNDLE_IDENTIFIER = "Gergye-Patrik.MPG";
				PRODUCT_NAME = "$(TARGET_NAME)";
				SWIFT_VERSION = 5.0;
			};
			name = Release;
		};
		4D1C3F85273D404100D08C7D /* Debug */ = {
			isa = XCBuildConfiguration;
			buildSettings = {
				ALWAYS_EMBED_SWIFT_STANDARD_LIBRARIES = YES;
				BUNDLE_LOADER = "$(TEST_HOST)";
				CODE_SIGN_STYLE = Automatic;
				CURRENT_PROJECT_VERSION = 1;
				GENERATE_INFOPLIST_FILE = YES;
				LD_RUNPATH_SEARCH_PATHS = (
					"$(inherited)",
					"@executable_path/Frameworks",
					"@loader_path/Frameworks",
				);
				MARKETING_VERSION = 1.0;
				PRODUCT_BUNDLE_IDENTIFIER = "Gergye-Patrik.MPGTests";
				PRODUCT_NAME = "$(TARGET_NAME)";
				SDKROOT = watchos;
				SWIFT_EMIT_LOC_STRINGS = NO;
				SWIFT_VERSION = 5.0;
				TARGETED_DEVICE_FAMILY = 4;
				TEST_HOST = "$(BUILT_PRODUCTS_DIR)/MPG WatchKit Extension.appex/MPG WatchKit Extension";
				WATCHOS_DEPLOYMENT_TARGET = 8.0;
			};
			name = Debug;
		};
		4D1C3F86273D404100D08C7D /* Release */ = {
			isa = XCBuildConfiguration;
			buildSettings = {
				ALWAYS_EMBED_SWIFT_STANDARD_LIBRARIES = YES;
				BUNDLE_LOADER = "$(TEST_HOST)";
				CODE_SIGN_STYLE = Automatic;
				CURRENT_PROJECT_VERSION = 1;
				GENERATE_INFOPLIST_FILE = YES;
				LD_RUNPATH_SEARCH_PATHS = (
					"$(inherited)",
					"@executable_path/Frameworks",
					"@loader_path/Frameworks",
				);
				MARKETING_VERSION = 1.0;
				PRODUCT_BUNDLE_IDENTIFIER = "Gergye-Patrik.MPGTests";
				PRODUCT_NAME = "$(TARGET_NAME)";
				SDKROOT = watchos;
				SWIFT_EMIT_LOC_STRINGS = NO;
				SWIFT_VERSION = 5.0;
				TARGETED_DEVICE_FAMILY = 4;
				TEST_HOST = "$(BUILT_PRODUCTS_DIR)/MPG WatchKit Extension.appex/MPG WatchKit Extension";
				WATCHOS_DEPLOYMENT_TARGET = 8.0;
			};
			name = Release;
		};
		4D1C3F88273D404100D08C7D /* Debug */ = {
			isa = XCBuildConfiguration;
			buildSettings = {
				CODE_SIGN_STYLE = Automatic;
				CURRENT_PROJECT_VERSION = 1;
				GENERATE_INFOPLIST_FILE = YES;
				LD_RUNPATH_SEARCH_PATHS = (
					"$(inherited)",
					"@executable_path/Frameworks",
					"@loader_path/Frameworks",
				);
				MARKETING_VERSION = 1.0;
				PRODUCT_BUNDLE_IDENTIFIER = "Gergye-Patrik.MPGUITests";
				PRODUCT_NAME = "$(TARGET_NAME)";
				SDKROOT = watchos;
				SWIFT_EMIT_LOC_STRINGS = NO;
				SWIFT_VERSION = 5.0;
				TARGETED_DEVICE_FAMILY = 4;
				TEST_TARGET_NAME = "MPG WatchKit App";
				WATCHOS_DEPLOYMENT_TARGET = 8.0;
			};
			name = Debug;
		};
		4D1C3F89273D404100D08C7D /* Release */ = {
			isa = XCBuildConfiguration;
			buildSettings = {
				CODE_SIGN_STYLE = Automatic;
				CURRENT_PROJECT_VERSION = 1;
				GENERATE_INFOPLIST_FILE = YES;
				LD_RUNPATH_SEARCH_PATHS = (
					"$(inherited)",
					"@executable_path/Frameworks",
					"@loader_path/Frameworks",
				);
				MARKETING_VERSION = 1.0;
				PRODUCT_BUNDLE_IDENTIFIER = "Gergye-Patrik.MPGUITests";
				PRODUCT_NAME = "$(TARGET_NAME)";
				SDKROOT = watchos;
				SWIFT_EMIT_LOC_STRINGS = NO;
				SWIFT_VERSION = 5.0;
				TARGETED_DEVICE_FAMILY = 4;
				TEST_TARGET_NAME = "MPG WatchKit App";
				WATCHOS_DEPLOYMENT_TARGET = 8.0;
			};
			name = Release;
		};
/* End XCBuildConfiguration section */

/* Begin XCConfigurationList section */
		4D1C3F3B273D403D00D08C7D /* Build configuration list for PBXProject "MPG" */ = {
			isa = XCConfigurationList;
			buildConfigurations = (
				4D1C3F77273D404100D08C7D /* Debug */,
				4D1C3F78273D404100D08C7D /* Release */,
			);
			defaultConfigurationIsVisible = 0;
			defaultConfigurationName = Release;
		};
		4D1C3F79273D404100D08C7D /* Build configuration list for PBXNativeTarget "MPG WatchKit Extension" */ = {
			isa = XCConfigurationList;
			buildConfigurations = (
				4D1C3F7A273D404100D08C7D /* Debug */,
				4D1C3F7B273D404100D08C7D /* Release */,
			);
			defaultConfigurationIsVisible = 0;
			defaultConfigurationName = Release;
		};
		4D1C3F7D273D404100D08C7D /* Build configuration list for PBXNativeTarget "MPG WatchKit App" */ = {
			isa = XCConfigurationList;
			buildConfigurations = (
				4D1C3F7E273D404100D08C7D /* Debug */,
				4D1C3F7F273D404100D08C7D /* Release */,
			);
			defaultConfigurationIsVisible = 0;
			defaultConfigurationName = Release;
		};
		4D1C3F81273D404100D08C7D /* Build configuration list for PBXNativeTarget "MPG" */ = {
			isa = XCConfigurationList;
			buildConfigurations = (
				4D1C3F82273D404100D08C7D /* Debug */,
				4D1C3F83273D404100D08C7D /* Release */,
			);
			defaultConfigurationIsVisible = 0;
			defaultConfigurationName = Release;
		};
		4D1C3F84273D404100D08C7D /* Build configuration list for PBXNativeTarget "MPGTests" */ = {
			isa = XCConfigurationList;
			buildConfigurations = (
				4D1C3F85273D404100D08C7D /* Debug */,
				4D1C3F86273D404100D08C7D /* Release */,
			);
			defaultConfigurationIsVisible = 0;
			defaultConfigurationName = Release;
		};
		4D1C3F87273D404100D08C7D /* Build configuration list for PBXNativeTarget "MPGUITests" */ = {
			isa = XCConfigurationList;
			buildConfigurations = (
				4D1C3F88273D404100D08C7D /* Debug */,
				4D1C3F89273D404100D08C7D /* Release */,
			);
			defaultConfigurationIsVisible = 0;
			defaultConfigurationName = Release;
		};
/* End XCConfigurationList section */
	};
	rootObject = 4D1C3F38273D403D00D08C7D /* Project object */;
}
